
Microsoft Visual Studio Solution File, Format Version 12.00
# Visual Studio 15
VisualStudioVersion = 15.0.28307.539
MinimumVisualStudioVersion = 10.0.40219.1
Project("{FAE04EC0-301F-11D3-BF4B-00C04F79EFBC}") = "Even-OddAlgorithm", "Even-OddAlgorithm\Even-OddAlgorithm.csproj", "{C1A54754-53FB-46D5-B4B8-2628E990E8B1}"
EndProject
Global
	GlobalSection(SolutionConfigurationPlatforms) = preSolution
		Debug|Any CPU = Debug|Any CPU
		Release|Any CPU = Release|Any CPU
	EndGlobalSection
	GlobalSection(ProjectConfigurationPlatforms) = postSolution
		{C1A54754-53FB-46D5-B4B8-2628E990E8B1}.Debug|Any CPU.ActiveCfg = Debug|Any CPU
		{C1A54754-53FB-46D5-B4B8-2628E990E8B1}.Debug|Any CPU.Build.0 = Debug|Any CPU
		{C1A54754-53FB-46D5-B4B8-2628E990E8B1}.Release|Any CPU.ActiveCfg = Release|Any CPU
		{C1A54754-53FB-46D5-B4B8-2628E990E8B1}.Release|Any CPU.Build.0 = Release|Any CPU
	EndGlobalSection
	GlobalSection(SolutionProperties) = preSolution
		HideSolutionNode = FALSE
	EndGlobalSection
	GlobalSection(ExtensibilityGlobals) = postSolution
		SolutionGuid = {0E7B522E-2700-435A-A279-14663EF44EBC}
	EndGlobalSection
EndGlobal
